
Microsoft Visual Studio Solution File, Format Version 12.00
# Visual Studio 15
VisualStudioVersion = 15.0.27130.2010
MinimumVisualStudioVersion = 10.0.40219.1
Project("{FAE04EC0-301F-11D3-BF4B-00C04F79EFBC}") = "SmartApp", "SmartApp\SmartApp.csproj", "{7EF8747B-9F4E-4055-88FD-4B97E6583F3F}"
EndProject
Global
	GlobalSection(SolutionConfigurationPlatforms) = preSolution
		Debug|Any CPU = Debug|Any CPU
		Release|Any CPU = Release|Any CPU
	EndGlobalSection
	GlobalSection(ProjectConfigurationPlatforms) = postSolution
		{7EF8747B-9F4E-4055-88FD-4B97E6583F3F}.Debug|Any CPU.ActiveCfg = Debug|Any CPU
		{7EF8747B-9F4E-4055-88FD-4B97E6583F3F}.Debug|Any CPU.Build.0 = Debug|Any CPU
		{7EF8747B-9F4E-4055-88FD-4B97E6583F3F}.Release|Any CPU.ActiveCfg = Release|Any CPU
		{7EF8747B-9F4E-4055-88FD-4B97E6583F3F}.Release|Any CPU.Build.0 = Release|Any CPU
	EndGlobalSection
	GlobalSection(SolutionProperties) = preSolution
		HideSolutionNode = FALSE
	EndGlobalSection
	GlobalSection(ExtensibilityGlobals) = postSolution
		SolutionGuid = {C92509DE-DAE1-4A3B-9F1C-33B3B8315F70}
	EndGlobalSection
EndGlobal
